
Microsoft Visual Studio Solution File, Format Version 12.00
# Visual Studio Version 17
VisualStudioVersion = 17.11.35327.3
MinimumVisualStudioVersion = 10.0.40219.1
Project("{FAE04EC0-301F-11D3-BF4B-00C04F79EFBC}") = "API", "API\API.csproj", "{19100180-3FA5-4AA8-85B0-EC671FD2B52D}"
EndProject
Global
	GlobalSection(SolutionConfigurationPlatforms) = preSolution
		Debug|Any CPU = Debug|Any CPU
		Release|Any CPU = Release|Any CPU
	EndGlobalSection
	GlobalSection(ProjectConfigurationPlatforms) = postSolution
		{19100180-3FA5-4AA8-85B0-EC671FD2B52D}.Debug|Any CPU.ActiveCfg = Debug|Any CPU
		{19100180-3FA5-4AA8-85B0-EC671FD2B52D}.Debug|Any CPU.Build.0 = Debug|Any CPU
		{19100180-3FA5-4AA8-85B0-EC671FD2B52D}.Release|Any CPU.ActiveCfg = Release|Any CPU
		{19100180-3FA5-4AA8-85B0-EC671FD2B52D}.Release|Any CPU.Build.0 = Release|Any CPU
	EndGlobalSection
	GlobalSection(SolutionProperties) = preSolution
		HideSolutionNode = FALSE
	EndGlobalSection
	GlobalSection(ExtensibilityGlobals) = postSolution
		SolutionGuid = {4652477D-197E-42FC-81F2-FCE2A5DC9E1F}
	EndGlobalSection
EndGlobal
